
Microsoft Visual Studio Solution File, Format Version 12.00
# Visual Studio Version 17
VisualStudioVersion = 17.5.002.0
MinimumVisualStudioVersion = 10.0.40219.1
Project("{9A19103F-16F7-4668-BE54-9A1E7A4F7556}") = "Domain", "Domain.csproj", "{0C06350B-FA46-4D08-BA97-F1A9BC7F60CF}"
EndProject
Global
	GlobalSection(SolutionConfigurationPlatforms) = preSolution
		Debug|Any CPU = Debug|Any CPU
		Release|Any CPU = Release|Any CPU
	EndGlobalSection
	GlobalSection(ProjectConfigurationPlatforms) = postSolution
		{0C06350B-FA46-4D08-BA97-F1A9BC7F60CF}.Debug|Any CPU.ActiveCfg = Debug|Any CPU
		{0C06350B-FA46-4D08-BA97-F1A9BC7F60CF}.Debug|Any CPU.Build.0 = Debug|Any CPU
		{0C06350B-FA46-4D08-BA97-F1A9BC7F60CF}.Release|Any CPU.ActiveCfg = Release|Any CPU
		{0C06350B-FA46-4D08-BA97-F1A9BC7F60CF}.Release|Any CPU.Build.0 = Release|Any CPU
	EndGlobalSection
	GlobalSection(SolutionProperties) = preSolution
		HideSolutionNode = FALSE
	EndGlobalSection
	GlobalSection(ExtensibilityGlobals) = postSolution
		SolutionGuid = {12BCA5CC-15BA-4D05-88DA-2E1ABA552B59}
	EndGlobalSection
EndGlobal
